github.com/go-sql-driver/mysql v1.6.0 h1:BCTh4TKNUYmOmMUcQ3IipzF5prigylS7XXjEkfCHuOE=
github.com/go-sql-driver/mysql v1.6.0/go.mod h1:DCzpHaOWr8IXmIStZouvnhqoel9Qv2LBy8hT2VhHyBg=
github.com/xooooooox/gomysql v1.0.4 h1:xPvjqmrfcQ8umPaWoUsgPWTZabewz/C4Yt4++yY+I48=
github.com/xooooooox/gomysql v1.0.4/go.mod h1:CPnddG3gIfbnZhD75kL2uyFC6+TJcIIBLn1mX14a/Eo=
